
Microsoft Visual Studio Solution File, Format Version 12.00
# Visual Studio Version 16
VisualStudioVersion = 16.0.29201.188
MinimumVisualStudioVersion = 10.0.40219.1
Project("{8BC9CEB8-8B4A-11D0-8D11-00A0C91BC942}") = "UDPServer", "UDPServer.vcxproj", "{7F33B96D-4637-42DA-B0D4-5DEAE4574592}"
EndProject
Global
	GlobalSection(SolutionConfigurationPlatforms) = preSolution
		Debug|x64 = Debug|x64
		Debug|x86 = Debug|x86
		Release|x64 = Release|x64
		Release|x86 = Release|x86
	EndGlobalSection
	GlobalSection(ProjectConfigurationPlatforms) = postSolution
		{7F33B96D-4637-42DA-B0D4-5DEAE4574592}.Debug|x64.ActiveCfg = Debug|x64
		{7F33B96D-4637-42DA-B0D4-5DEAE4574592}.Debug|x64.Build.0 = Debug|x64
		{7F33B96D-4637-42DA-B0D4-5DEAE4574592}.Debug|x86.ActiveCfg = Debug|Win32
		{7F33B96D-4637-42DA-B0D4-5DEAE4574592}.Debug|x86.Build.0 = Debug|Win32
		{7F33B96D-4637-42DA-B0D4-5DEAE4574592}.Release|x64.ActiveCfg = Release|x64
		{7F33B96D-4637-42DA-B0D4-5DEAE4574592}.Release|x64.Build.0 = Release|x64
		{7F33B96D-4637-42DA-B0D4-5DEAE4574592}.Release|x86.ActiveCfg = Release|Win32
		{7F33B96D-4637-42DA-B0D4-5DEAE4574592}.Release|x86.Build.0 = Release|Win32
	EndGlobalSection
	GlobalSection(SolutionProperties) = preSolution
		HideSolutionNode = FALSE
	EndGlobalSection
	GlobalSection(ExtensibilityGlobals) = postSolution
		SolutionGuid = {AAD0A7B4-B746-426C-9B7D-AC3961666786}
	EndGlobalSection
EndGlobal
